
Microsoft Visual Studio Solution File, Format Version 12.00
# Visual Studio Version 17
VisualStudioVersion = 17.3.32819.101
MinimumVisualStudioVersion = 10.0.40219.1
Project("{FAE04EC0-301F-11D3-BF4B-00C04F79EFBC}") = "ShopService", "ShopService\ShopService.csproj", "{A14607E2-6ECF-4942-B514-425FD629F050}"
EndProject
Global
	GlobalSection(SolutionConfigurationPlatforms) = preSolution
		Debug|Any CPU = Debug|Any CPU
		Release|Any CPU = Release|Any CPU
	EndGlobalSection
	GlobalSection(ProjectConfigurationPlatforms) = postSolution
		{A14607E2-6ECF-4942-B514-425FD629F050}.Debug|Any CPU.ActiveCfg = Debug|Any CPU
		{A14607E2-6ECF-4942-B514-425FD629F050}.Debug|Any CPU.Build.0 = Debug|Any CPU
		{A14607E2-6ECF-4942-B514-425FD629F050}.Release|Any CPU.ActiveCfg = Release|Any CPU
		{A14607E2-6ECF-4942-B514-425FD629F050}.Release|Any CPU.Build.0 = Release|Any CPU
	EndGlobalSection
	GlobalSection(SolutionProperties) = preSolution
		HideSolutionNode = FALSE
	EndGlobalSection
	GlobalSection(ExtensibilityGlobals) = postSolution
		SolutionGuid = {C571F8CC-71CA-45D2-88A3-4B84E8895518}
	EndGlobalSection
EndGlobal
